
Microsoft Visual Studio Solution File, Format Version 12.00
# Visual Studio Version 16
VisualStudioVersion = 16.0.30611.23
MinimumVisualStudioVersion = 10.0.40219.1
Project("{FAE04EC0-301F-11D3-BF4B-00C04F79EFBC}") = "KomodoCafe_Repository", "KomodoCafe_Repository\KomodoCafe_Repository.csproj", "{46AD46AE-E508-47A6-B610-85BF607365CA}"
EndProject
Project("{FAE04EC0-301F-11D3-BF4B-00C04F79EFBC}") = "KomodoCafeTests", "KomodoCafeTests\KomodoCafeTests.csproj", "{00082C30-C5D0-40B9-AAE8-A7C364B5B159}"
EndProject
Project("{FAE04EC0-301F-11D3-BF4B-00C04F79EFBC}") = "KomodoCafe_Console", "KomodoCafe_Console\KomodoCafe_Console.csproj", "{83BCF135-AEC6-4CBC-ABF3-D817E4C11A29}"
EndProject
Project("{2150E333-8FDC-42A3-9474-1A3956D46DE8}") = "CHALLENGE ONE KOMODO CAFE-F", "CHALLENGE ONE KOMODO CAFE-F", "{4D8C2EDB-610A-4260-984D-8A11919E04F5}"
EndProject
Project("{2150E333-8FDC-42A3-9474-1A3956D46DE8}") = "CHALLENGE FIVE GREETING-F", "CHALLENGE FIVE GREETING-F", "{D0878ABF-B5D7-45E7-AF3A-55C6397DFA05}"
EndProject
Project("{FAE04EC0-301F-11D3-BF4B-00C04F79EFBC}") = "Greeting_Console", "Greeting_Console\Greeting_Console.csproj", "{D4B43555-5F1A-4765-9DC3-39CC9C4FF5CB}"
EndProject
Project("{FAE04EC0-301F-11D3-BF4B-00C04F79EFBC}") = "Greeting_Repository", "Greeting_Repository\Greeting_Repository.csproj", "{DCEFE52E-796F-4D0D-BA4D-9DFE57D56942}"
EndProject
Project("{FAE04EC0-301F-11D3-BF4B-00C04F79EFBC}") = "GreetingTests", "GreetingTests\GreetingTests.csproj", "{B627BA32-B104-4959-B0B0-422F053CF714}"
EndProject
Project("{2150E333-8FDC-42A3-9474-1A3956D46DE8}") = "CHALLENGE FOUR COMPANY OUTINGS-F", "CHALLENGE FOUR COMPANY OUTINGS-F", "{548DA106-0735-4598-BE2F-7343E3D449DB}"
EndProject
Project("{FAE04EC0-301F-11D3-BF4B-00C04F79EFBC}") = "Outings_Console", "Outings_Console\Outings_Console.csproj", "{11C3AF19-E519-4155-8B5D-1FCF0BEB4034}"
EndProject
Project("{FAE04EC0-301F-11D3-BF4B-00C04F79EFBC}") = "OutingTests", "OutingTests\OutingTests.csproj", "{4509492F-AD46-4191-906A-D39573AAAB2D}"
EndProject
Project("{FAE04EC0-301F-11D3-BF4B-00C04F79EFBC}") = "Outings_Repsitory", "Outings_Repsitory\Outings_Repsitory.csproj", "{40923D59-0CF3-4834-BB7B-05B0718115F2}"
EndProject
Project("{2150E333-8FDC-42A3-9474-1A3956D46DE8}") = "CHALLENGE EIGHT SMART INSURANCE-F", "CHALLENGE EIGHT SMART INSURANCE-F", "{7B9B8A6A-576C-41C7-B9EA-9EE6B05D4EEE}"
EndProject
Project("{FAE04EC0-301F-11D3-BF4B-00C04F79EFBC}") = "SmartInsurance_Console", "SmartInsurance_Console\SmartInsurance_Console.csproj", "{0DC0078F-00F6-4118-AD46-329103792F2D}"
EndProject
Global
	GlobalSection(SolutionConfigurationPlatforms) = preSolution
		Debug|Any CPU = Debug|Any CPU
		Release|Any CPU = Release|Any CPU
	EndGlobalSection
	GlobalSection(ProjectConfigurationPlatforms) = postSolution
		{46AD46AE-E508-47A6-B610-85BF607365CA}.Debug|Any CPU.ActiveCfg = Debug|Any CPU
		{46AD46AE-E508-47A6-B610-85BF607365CA}.Debug|Any CPU.Build.0 = Debug|Any CPU
		{46AD46AE-E508-47A6-B610-85BF607365CA}.Release|Any CPU.ActiveCfg = Release|Any CPU
		{46AD46AE-E508-47A6-B610-85BF607365CA}.Release|Any CPU.Build.0 = Release|Any CPU
		{00082C30-C5D0-40B9-AAE8-A7C364B5B159}.Debug|Any CPU.ActiveCfg = Debug|Any CPU
		{00082C30-C5D0-40B9-AAE8-A7C364B5B159}.Debug|Any CPU.Build.0 = Debug|Any CPU
		{00082C30-C5D0-40B9-AAE8-A7C364B5B159}.Release|Any CPU.ActiveCfg = Release|Any CPU
		{00082C30-C5D0-40B9-AAE8-A7C364B5B159}.Release|Any CPU.Build.0 = Release|Any CPU
		{83BCF135-AEC6-4CBC-ABF3-D817E4C11A29}.Debug|Any CPU.ActiveCfg = Debug|Any CPU
		{83BCF135-AEC6-4CBC-ABF3-D817E4C11A29}.Debug|Any CPU.Build.0 = Debug|Any CPU
		{83BCF135-AEC6-4CBC-ABF3-D817E4C11A29}.Release|Any CPU.ActiveCfg = Release|Any CPU
		{83BCF135-AEC6-4CBC-ABF3-D817E4C11A29}.Release|Any CPU.Build.0 = Release|Any CPU
		{D4B43555-5F1A-4765-9DC3-39CC9C4FF5CB}.Debug|Any CPU.ActiveCfg = Debug|Any CPU
		{D4B43555-5F1A-4765-9DC3-39CC9C4FF5CB}.Debug|Any CPU.Build.0 = Debug|Any CPU
		{D4B43555-5F1A-4765-9DC3-39CC9C4FF5CB}.Release|Any CPU.ActiveCfg = Release|Any CPU
		{D4B43555-5F1A-4765-9DC3-39CC9C4FF5CB}.Release|Any CPU.Build.0 = Release|Any CPU
		{DCEFE52E-796F-4D0D-BA4D-9DFE57D56942}.Debug|Any CPU.ActiveCfg = Debug|Any CPU
		{DCEFE52E-796F-4D0D-BA4D-9DFE57D56942}.Debug|Any CPU.Build.0 = Debug|Any CPU
		{DCEFE52E-796F-4D0D-BA4D-9DFE57D56942}.Release|Any CPU.ActiveCfg = Release|Any CPU
		{DCEFE52E-796F-4D0D-BA4D-9DFE57D56942}.Release|Any CPU.Build.0 = Release|Any CPU
		{B627BA32-B104-4959-B0B0-422F053CF714}.Debug|Any CPU.ActiveCfg = Debug|Any CPU
		{B627BA32-B104-4959-B0B0-422F053CF714}.Debug|Any CPU.Build.0 = Debug|Any CPU
		{B627BA32-B104-4959-B0B0-422F053CF714}.Release|Any CPU.ActiveCfg = Release|Any CPU
		{B627BA32-B104-4959-B0B0-422F053CF714}.Release|Any CPU.Build.0 = Release|Any CPU
		{11C3AF19-E519-4155-8B5D-1FCF0BEB4034}.Debug|Any CPU.ActiveCfg = Debug|Any CPU
		{11C3AF19-E519-4155-8B5D-1FCF0BEB4034}.Debug|Any CPU.Build.0 = Debug|Any CPU
		{11C3AF19-E519-4155-8B5D-1FCF0BEB4034}.Release|Any CPU.ActiveCfg = Release|Any CPU
		{11C3AF19-E519-4155-8B5D-1FCF0BEB4034}.Release|Any CPU.Build.0 = Release|Any CPU
		{4509492F-AD46-4191-906A-D39573AAAB2D}.Debug|Any CPU.ActiveCfg = Debug|Any CPU
		{4509492F-AD46-4191-906A-D39573AAAB2D}.Debug|Any CPU.Build.0 = Debug|Any CPU
		{4509492F-AD46-4191-906A-D39573AAAB2D}.Release|Any CPU.ActiveCfg = Release|Any CPU
		{4509492F-AD46-4191-906A-D39573AAAB2D}.Release|Any CPU.Build.0 = Release|Any CPU
		{40923D59-0CF3-4834-BB7B-05B0718115F2}.Debug|Any CPU.ActiveCfg = Debug|Any CPU
		{40923D59-0CF3-4834-BB7B-05B0718115F2}.Debug|Any CPU.Build.0 = Debug|Any CPU
		{40923D59-0CF3-4834-BB7B-05B0718115F2}.Release|Any CPU.ActiveCfg = Release|Any CPU
		{40923D59-0CF3-4834-BB7B-05B0718115F2}.Release|Any CPU.Build.0 = Release|Any CPU
		{0DC0078F-00F6-4118-AD46-329103792F2D}.Debug|Any CPU.ActiveCfg = Debug|Any CPU
		{0DC0078F-00F6-4118-AD46-329103792F2D}.Debug|Any CPU.Build.0 = Debug|Any CPU
		{0DC0078F-00F6-4118-AD46-329103792F2D}.Release|Any CPU.ActiveCfg = Release|Any CPU
		{0DC0078F-00F6-4118-AD46-329103792F2D}.Release|Any CPU.Build.0 = Release|Any CPU
	EndGlobalSection
	GlobalSection(SolutionProperties) = preSolution
		HideSolutionNode = FALSE
	EndGlobalSection
	GlobalSection(NestedProjects) = preSolution
		{46AD46AE-E508-47A6-B610-85BF607365CA} = {4D8C2EDB-610A-4260-984D-8A11919E04F5}
		{00082C30-C5D0-40B9-AAE8-A7C364B5B159} = {4D8C2EDB-610A-4260-984D-8A11919E04F5}
		{83BCF135-AEC6-4CBC-ABF3-D817E4C11A29} = {4D8C2EDB-610A-4260-984D-8A11919E04F5}
		{D4B43555-5F1A-4765-9DC3-39CC9C4FF5CB} = {D0878ABF-B5D7-45E7-AF3A-55C6397DFA05}
		{DCEFE52E-796F-4D0D-BA4D-9DFE57D56942} = {D0878ABF-B5D7-45E7-AF3A-55C6397DFA05}
		{B627BA32-B104-4959-B0B0-422F053CF714} = {D0878ABF-B5D7-45E7-AF3A-55C6397DFA05}
		{11C3AF19-E519-4155-8B5D-1FCF0BEB4034} = {548DA106-0735-4598-BE2F-7343E3D449DB}
		{4509492F-AD46-4191-906A-D39573AAAB2D} = {548DA106-0735-4598-BE2F-7343E3D449DB}
		{40923D59-0CF3-4834-BB7B-05B0718115F2} = {548DA106-0735-4598-BE2F-7343E3D449DB}
		{0DC0078F-00F6-4118-AD46-329103792F2D} = {7B9B8A6A-576C-41C7-B9EA-9EE6B05D4EEE}
	EndGlobalSection
	GlobalSection(ExtensibilityGlobals) = postSolution
		SolutionGuid = {D1290819-13F3-4E9F-8774-D18FE19CFBEB}
	EndGlobalSection
EndGlobal
